
Microsoft Visual Studio Solution File, Format Version 12.00
# Visual Studio Version 17
VisualStudioVersion = 17.14.36109.1 d17.14
MinimumVisualStudioVersion = 10.0.40219.1
Project("{FAE04EC0-301F-11D3-BF4B-00C04F79EFBC}") = "Assombrado", "Assombrado.csproj", "{6F7FFC8C-DB2B-4328-93EB-8BD0075E4D40}"
EndProject
Global
	GlobalSection(SolutionConfigurationPlatforms) = preSolution
		Debug|Any CPU = Debug|Any CPU
		Release|Any CPU = Release|Any CPU
	EndGlobalSection
	GlobalSection(ProjectConfigurationPlatforms) = postSolution
		{6F7FFC8C-DB2B-4328-93EB-8BD0075E4D40}.Debug|Any CPU.ActiveCfg = Debug|Any CPU
		{6F7FFC8C-DB2B-4328-93EB-8BD0075E4D40}.Debug|Any CPU.Build.0 = Debug|Any CPU
		{6F7FFC8C-DB2B-4328-93EB-8BD0075E4D40}.Release|Any CPU.ActiveCfg = Release|Any CPU
		{6F7FFC8C-DB2B-4328-93EB-8BD0075E4D40}.Release|Any CPU.Build.0 = Release|Any CPU
	EndGlobalSection
	GlobalSection(SolutionProperties) = preSolution
		HideSolutionNode = FALSE
	EndGlobalSection
	GlobalSection(ExtensibilityGlobals) = postSolution
		SolutionGuid = {6B1B7E9F-5F30-48FE-B054-81BEDB6CD8A6}
	EndGlobalSection
EndGlobal
